// !$*UTF8*$!
{
	archiveVersion = 1;
	classes = {
	};
	objectVersion = 55;
	objects = {

/* Begin PBXBuildFile section */
		AD0B5A1F27871975002F0904 /* SelectedItemCell.swift in Sources */ = {isa = PBXBuildFile; fileRef = AD0B5A1E27871975002F0904 /* SelectedItemCell.swift */; };
		AD0B5A212789A6E3002F0904 /* SignUpViewController.swift in Sources */ = {isa = PBXBuildFile; fileRef = AD0B5A202789A6E3002F0904 /* SignUpViewController.swift */; };
		AD0B5A232789B788002F0904 /* GoogleService-Info.plist in Resources */ = {isa = PBXBuildFile; fileRef = AD0B5A222789B788002F0904 /* GoogleService-Info.plist */; };
		AD0B5A252789BE54002F0904 /* DatabaseManager.swift in Sources */ = {isa = PBXBuildFile; fileRef = AD0B5A242789BE54002F0904 /* DatabaseManager.swift */; };
		AD0B5A272789CEA6002F0904 /* TabBarViewController.swift in Sources */ = {isa = PBXBuildFile; fileRef = AD0B5A262789CEA6002F0904 /* TabBarViewController.swift */; };
		AD0B5A292789EB83002F0904 /* LogInViewController.swift in Sources */ = {isa = PBXBuildFile; fileRef = AD0B5A282789EB83002F0904 /* LogInViewController.swift */; };
		AD0B5A2B278A0E75002F0904 /* StringExtention.swift in Sources */ = {isa = PBXBuildFile; fileRef = AD0B5A2A278A0E75002F0904 /* StringExtention.swift */; };
		AD2C1A27278C6B0600195B4C /* UITextFieldExtention.swift in Sources */ = {isa = PBXBuildFile; fileRef = AD2C1A26278C6B0600195B4C /* UITextFieldExtention.swift */; };
		AD2C1A6B278DA5C200195B4C /* UIViewExtention.swift in Sources */ = {isa = PBXBuildFile; fileRef = AD2C1A6A278DA5C100195B4C /* UIViewExtention.swift */; };
		AD2C1A6D278EE85300195B4C /* SFCompact.ttf in Resources */ = {isa = PBXBuildFile; fileRef = AD2C1A6C278EE85200195B4C /* SFCompact.ttf */; };
		AD769A13278AFFDB00E23ABD /* Formatter.swift in Sources */ = {isa = PBXBuildFile; fileRef = AD769A12278AFFDB00E23ABD /* Formatter.swift */; };
		AD7930EB278218180029230A /* AppDelegate.swift in Sources */ = {isa = PBXBuildFile; fileRef = AD7930EA278218180029230A /* AppDelegate.swift */; };
		AD7930ED278218180029230A /* SceneDelegate.swift in Sources */ = {isa = PBXBuildFile; fileRef = AD7930EC278218180029230A /* SceneDelegate.swift */; };
		AD7930EF278218180029230A /* MenuViewController.swift in Sources */ = {isa = PBXBuildFile; fileRef = AD7930EE278218180029230A /* MenuViewController.swift */; };
		AD7930F2278218180029230A /* Main.storyboard in Resources */ = {isa = PBXBuildFile; fileRef = AD7930F0278218180029230A /* Main.storyboard */; };
		AD7930F42782181A0029230A /* Assets.xcassets in Resources */ = {isa = PBXBuildFile; fileRef = AD7930F32782181A0029230A /* Assets.xcassets */; };
		AD7930F72782181A0029230A /* LaunchScreen.storyboard in Resources */ = {isa = PBXBuildFile; fileRef = AD7930F52782181A0029230A /* LaunchScreen.storyboard */; };
		AD7931022782181A0029230A /* CoffeeSubscriptionAppTests.swift in Sources */ = {isa = PBXBuildFile; fileRef = AD7931012782181A0029230A /* CoffeeSubscriptionAppTests.swift */; };
		AD79310C2782181A0029230A /* CoffeeSubscriptionAppUITests.swift in Sources */ = {isa = PBXBuildFile; fileRef = AD79310B2782181A0029230A /* CoffeeSubscriptionAppUITests.swift */; };
		AD79310E2782181A0029230A /* CoffeeSubscriptionAppUITestsLaunchTests.swift in Sources */ = {isa = PBXBuildFile; fileRef = AD79310D2782181A0029230A /* CoffeeSubscriptionAppUITestsLaunchTests.swift */; };
		AD79311C27821B660029230A /* FirebaseAuth in Frameworks */ = {isa = PBXBuildFile; productRef = AD79311B27821B660029230A /* FirebaseAuth */; };
		AD79311E27821B660029230A /* FirebaseFirestore in Frameworks */ = {isa = PBXBuildFile; productRef = AD79311D27821B660029230A /* FirebaseFirestore */; };
		ADA5688327831C5100DA4B7F /* HomeViewController.swift in Sources */ = {isa = PBXBuildFile; fileRef = ADA5688227831C5100DA4B7F /* HomeViewController.swift */; };
		ADA5688527832ECC00DA4B7F /* CafeCell.swift in Sources */ = {isa = PBXBuildFile; fileRef = ADA5688427832ECC00DA4B7F /* CafeCell.swift */; };
		ADA5688727835BFD00DA4B7F /* cafeNames.json in Resources */ = {isa = PBXBuildFile; fileRef = ADA5688627835BFC00DA4B7F /* cafeNames.json */; };
		ADA5688927835C2F00DA4B7F /* Cafe.swift in Sources */ = {isa = PBXBuildFile; fileRef = ADA5688827835C2F00DA4B7F /* Cafe.swift */; };
		ADA5688B278371CF00DA4B7F /* NetworkManager.swift in Sources */ = {isa = PBXBuildFile; fileRef = ADA5688A278371CF00DA4B7F /* NetworkManager.swift */; };
		ADA5688D2784261500DA4B7F /* Constants.swift in Sources */ = {isa = PBXBuildFile; fileRef = ADA5688C2784261400DA4B7F /* Constants.swift */; };
		ADA568932784502900DA4B7F /* PlanDurationViewController.swift in Sources */ = {isa = PBXBuildFile; fileRef = ADA568922784502800DA4B7F /* PlanDurationViewController.swift */; };
		ADA5689527845C6200DA4B7F /* MenuItemCell.swift in Sources */ = {isa = PBXBuildFile; fileRef = ADA5689427845C6200DA4B7F /* MenuItemCell.swift */; };
		ADA568972784635600DA4B7F /* PlanDetailsViewController.swift in Sources */ = {isa = PBXBuildFile; fileRef = ADA568962784635500DA4B7F /* PlanDetailsViewController.swift */; };
		ADA56899278592E200DA4B7F /* Plan.swift in Sources */ = {isa = PBXBuildFile; fileRef = ADA56898278592E100DA4B7F /* Plan.swift */; };
		ADA5689B2785D8FA00DA4B7F /* menu1.json in Resources */ = {isa = PBXBuildFile; fileRef = ADA5689A2785D8F900DA4B7F /* menu1.json */; };
		ADA5689F2785DC2800DA4B7F /* MenuItem.swift in Sources */ = {isa = PBXBuildFile; fileRef = ADA5689E2785DC2800DA4B7F /* MenuItem.swift */; };
		ADC3D9E72797F0230096F826 /* MenuImagesModel.swift in Sources */ = {isa = PBXBuildFile; fileRef = ADC3D9E62797F0230096F826 /* MenuImagesModel.swift */; };
		ADC3D9E9279895F90096F826 /* UIViewControllerExtention.swift in Sources */ = {isa = PBXBuildFile; fileRef = ADC3D9E8279895F70096F826 /* UIViewControllerExtention.swift */; };
		ADDD744F2799D6E400470004 /* PlanViewController.swift in Sources */ = {isa = PBXBuildFile; fileRef = ADDD744E2799D6E400470004 /* PlanViewController.swift */; };
		ADDD74512799EB3100470004 /* LaunchScreenViewController.swift in Sources */ = {isa = PBXBuildFile; fileRef = ADDD74502799EB3000470004 /* LaunchScreenViewController.swift */; };
		ADDD7455279DFC2D00470004 /* DGHomeViewController.swift in Sources */ = {isa = PBXBuildFile; fileRef = ADDD7454279DFC2C00470004 /* DGHomeViewController.swift */; };
		ADDD7458279DFE3E00470004 /* OrderCell.swift in Sources */ = {isa = PBXBuildFile; fileRef = ADDD7457279DFE3C00470004 /* OrderCell.swift */; };
		ADE173F92794646700F90A3B /* PlanCreationStatusViewController.swift in Sources */ = {isa = PBXBuildFile; fileRef = ADE173F82794646700F90A3B /* PlanCreationStatusViewController.swift */; };
		ADE173FB2794846200F90A3B /* ProfileViewController.swift in Sources */ = {isa = PBXBuildFile; fileRef = ADE173FA2794846200F90A3B /* ProfileViewController.swift */; };
		ADE173FE27949E3100F90A3B /* Lottie in Frameworks */ = {isa = PBXBuildFile; productRef = ADE173FD27949E3100F90A3B /* Lottie */; };
		ADE174022794A1DC00F90A3B /* failureAnimation.json in Resources */ = {isa = PBXBuildFile; fileRef = ADE174012794A1DC00F90A3B /* failureAnimation.json */; };
		ADE174042794A23B00F90A3B /* successAnimation.json in Resources */ = {isa = PBXBuildFile; fileRef = ADE174032794A23B00F90A3B /* successAnimation.json */; };
		ADE174062795DA5600F90A3B /* profile.json in Resources */ = {isa = PBXBuildFile; fileRef = ADE174052795DA5500F90A3B /* profile.json */; };
		ADE174082795FB1700F90A3B /* User.swift in Sources */ = {isa = PBXBuildFile; fileRef = ADE174072795FB1600F90A3B /* User.swift */; };
		ADE1740A279609C700F90A3B /* ProfileDetailsViewController.swift in Sources */ = {isa = PBXBuildFile; fileRef = ADE17409279609C700F90A3B /* ProfileDetailsViewController.swift */; };
		ADE6B9E82793056B00DDC251 /* HBSegmentedControl.swift in Sources */ = {isa = PBXBuildFile; fileRef = ADE6B9E72793056B00DDC251 /* HBSegmentedControl.swift */; };
		ADFD0B552786FB48008E7126 /* PaymentService.swift in Sources */ = {isa = PBXBuildFile; fileRef = ADFD0B542786FB48008E7126 /* PaymentService.swift */; };
/* End PBXBuildFile section */

/* Begin PBXContainerItemProxy section */
		AD7930FE2782181A0029230A /* PBXContainerItemProxy */ = {
			isa = PBXContainerItemProxy;
			containerPortal = AD7930DF278218180029230A /* Project object */;
			proxyType = 1;
			remoteGlobalIDString = AD7930E6278218180029230A;
			remoteInfo = CoffeeSubscriptionApp;
		};
		AD7931082782181A0029230A /* PBXContainerItemProxy */ = {
			isa = PBXContainerItemProxy;
			containerPortal = AD7930DF278218180029230A /* Project object */;
			proxyType = 1;
			remoteGlobalIDString = AD7930E6278218180029230A;
			remoteInfo = CoffeeSubscriptionApp;
		};
/* End PBXContainerItemProxy section */

/* Begin PBXFileReference section */
		AD0B5A1E27871975002F0904 /* SelectedItemCell.swift */ = {isa = PBXFileReference; lastKnownFileType = sourcecode.swift; path = SelectedItemCell.swift; sourceTree = "<group>"; };
		AD0B5A202789A6E3002F0904 /* SignUpViewController.swift */ = {isa = PBXFileReference; lastKnownFileType = sourcecode.swift; name = SignUpViewController.swift; path = CoffeeSubscriptionApp/Controller/SignUpViewController.swift; sourceTree = SOURCE_ROOT; };
		AD0B5A222789B788002F0904 /* GoogleService-Info.plist */ = {isa = PBXFileReference; fileEncoding = 4; lastKnownFileType = text.plist.xml; path = "GoogleService-Info.plist"; sourceTree = "<group>"; };
		AD0B5A242789BE54002F0904 /* DatabaseManager.swift */ = {isa = PBXFileReference; lastKnownFileType = sourcecode.swift; path = DatabaseManager.swift; sourceTree = "<group>"; };
		AD0B5A262789CEA6002F0904 /* TabBarViewController.swift */ = {isa = PBXFileReference; lastKnownFileType = sourcecode.swift; path = TabBarViewController.swift; sourceTree = "<group>"; };
		AD0B5A282789EB83002F0904 /* LogInViewController.swift */ = {isa = PBXFileReference; lastKnownFileType = sourcecode.swift; name = LogInViewController.swift; path = CoffeeSubscriptionApp/Controller/LogInViewController.swift; sourceTree = SOURCE_ROOT; };
		AD0B5A2A278A0E75002F0904 /* StringExtention.swift */ = {isa = PBXFileReference; lastKnownFileType = sourcecode.swift; path = StringExtention.swift; sourceTree = "<group>"; };
		AD2C1A26278C6B0600195B4C /* UITextFieldExtention.swift */ = {isa = PBXFileReference; lastKnownFileType = sourcecode.swift; path = UITextFieldExtention.swift; sourceTree = "<group>"; };
		AD2C1A6A278DA5C100195B4C /* UIViewExtention.swift */ = {isa = PBXFileReference; lastKnownFileType = sourcecode.swift; path = UIViewExtention.swift; sourceTree = "<group>"; };
		AD2C1A6C278EE85200195B4C /* SFCompact.ttf */ = {isa = PBXFileReference; lastKnownFileType = file; path = SFCompact.ttf; sourceTree = "<group>"; };
		AD769A12278AFFDB00E23ABD /* Formatter.swift */ = {isa = PBXFileReference; lastKnownFileType = sourcecode.swift; path = Formatter.swift; sourceTree = "<group>"; };
		AD7930E7278218180029230A /* CoffeeSubscriptionApp.app */ = {isa = PBXFileReference; explicitFileType = wrapper.application; includeInIndex = 0; path = CoffeeSubscriptionApp.app; sourceTree = BUILT_PRODUCTS_DIR; };
		AD7930EA278218180029230A /* AppDelegate.swift */ = {isa = PBXFileReference; lastKnownFileType = sourcecode.swift; path = AppDelegate.swift; sourceTree = "<group>"; };
		AD7930EC278218180029230A /* SceneDelegate.swift */ = {isa = PBXFileReference; lastKnownFileType = sourcecode.swift; path = SceneDelegate.swift; sourceTree = "<group>"; };
		AD7930EE278218180029230A /* MenuViewController.swift */ = {isa = PBXFileReference; lastKnownFileType = sourcecode.swift; path = MenuViewController.swift; sourceTree = "<group>"; };
		AD7930F1278218180029230A /* Base */ = {isa = PBXFileReference; lastKnownFileType = file.storyboard; name = Base; path = Base.lproj/Main.storyboard; sourceTree = "<group>"; };
		AD7930F32782181A0029230A /* Assets.xcassets */ = {isa = PBXFileReference; lastKnownFileType = folder.assetcatalog; path = Assets.xcassets; sourceTree = "<group>"; };
		AD7930F62782181A0029230A /* Base */ = {isa = PBXFileReference; lastKnownFileType = file.storyboard; name = Base; path = Base.lproj/LaunchScreen.storyboard; sourceTree = "<group>"; };
		AD7930F82782181A0029230A /* Info.plist */ = {isa = PBXFileReference; lastKnownFileType = text.plist.xml; path = Info.plist; sourceTree = "<group>"; };
		AD7930FD2782181A0029230A /* CoffeeSubscriptionAppTests.xctest */ = {isa = PBXFileReference; explicitFileType = wrapper.cfbundle; includeInIndex = 0; path = CoffeeSubscriptionAppTests.xctest; sourceTree = BUILT_PRODUCTS_DIR; };
		AD7931012782181A0029230A /* CoffeeSubscriptionAppTests.swift */ = {isa = PBXFileReference; lastKnownFileType = sourcecode.swift; path = CoffeeSubscriptionAppTests.swift; sourceTree = "<group>"; };
		AD7931072782181A0029230A /* CoffeeSubscriptionAppUITests.xctest */ = {isa = PBXFileReference; explicitFileType = wrapper.cfbundle; includeInIndex = 0; path = CoffeeSubscriptionAppUITests.xctest; sourceTree = BUILT_PRODUCTS_DIR; };
		AD79310B2782181A0029230A /* CoffeeSubscriptionAppUITests.swift */ = {isa = PBXFileReference; lastKnownFileType = sourcecode.swift; path = CoffeeSubscriptionAppUITests.swift; sourceTree = "<group>"; };
		AD79310D2782181A0029230A /* CoffeeSubscriptionAppUITestsLaunchTests.swift */ = {isa = PBXFileReference; lastKnownFileType = sourcecode.swift; path = CoffeeSubscriptionAppUITestsLaunchTests.swift; sourceTree = "<group>"; };
		ADA5688227831C5100DA4B7F /* HomeViewController.swift */ = {isa = PBXFileReference; lastKnownFileType = sourcecode.swift; path = HomeViewController.swift; sourceTree = "<group>"; };
		ADA5688427832ECC00DA4B7F /* CafeCell.swift */ = {isa = PBXFileReference; lastKnownFileType = sourcecode.swift; path = CafeCell.swift; sourceTree = "<group>"; };
		ADA5688627835BFC00DA4B7F /* cafeNames.json */ = {isa = PBXFileReference; fileEncoding = 4; lastKnownFileType = text.json; path = cafeNames.json; sourceTree = "<group>"; };
		ADA5688827835C2F00DA4B7F /* Cafe.swift */ = {isa = PBXFileReference; lastKnownFileType = sourcecode.swift; path = Cafe.swift; sourceTree = "<group>"; };
		ADA5688A278371CF00DA4B7F /* NetworkManager.swift */ = {isa = PBXFileReference; lastKnownFileType = sourcecode.swift; path = NetworkManager.swift; sourceTree = "<group>"; };
		ADA5688C2784261400DA4B7F /* Constants.swift */ = {isa = PBXFileReference; lastKnownFileType = sourcecode.swift; path = Constants.swift; sourceTree = "<group>"; };
		ADA568922784502800DA4B7F /* PlanDurationViewController.swift */ = {isa = PBXFileReference; lastKnownFileType = sourcecode.swift; path = PlanDurationViewController.swift; sourceTree = "<group>"; };
		ADA5689427845C6200DA4B7F /* MenuItemCell.swift */ = {isa = PBXFileReference; lastKnownFileType = sourcecode.swift; path = MenuItemCell.swift; sourceTree = "<group>"; };
		ADA568962784635500DA4B7F /* PlanDetailsViewController.swift */ = {isa = PBXFileReference; lastKnownFileType = sourcecode.swift; path = PlanDetailsViewController.swift; sourceTree = "<group>"; };
		ADA56898278592E100DA4B7F /* Plan.swift */ = {isa = PBXFileReference; lastKnownFileType = sourcecode.swift; path = Plan.swift; sourceTree = "<group>"; };
		ADA5689A2785D8F900DA4B7F /* menu1.json */ = {isa = PBXFileReference; fileEncoding = 4; lastKnownFileType = text.json; path = menu1.json; sourceTree = "<group>"; };
		ADA5689E2785DC2800DA4B7F /* MenuItem.swift */ = {isa = PBXFileReference; lastKnownFileType = sourcecode.swift; path = MenuItem.swift; sourceTree = "<group>"; };
		ADC3D9E62797F0230096F826 /* MenuImagesModel.swift */ = {isa = PBXFileReference; lastKnownFileType = sourcecode.swift; path = MenuImagesModel.swift; sourceTree = "<group>"; };
		ADC3D9E8279895F70096F826 /* UIViewControllerExtention.swift */ = {isa = PBXFileReference; lastKnownFileType = sourcecode.swift; path = UIViewControllerExtention.swift; sourceTree = "<group>"; };
		ADDD744E2799D6E400470004 /* PlanViewController.swift */ = {isa = PBXFileReference; fileEncoding = 4; lastKnownFileType = sourcecode.swift; path = PlanViewController.swift; sourceTree = "<group>"; };
		ADDD74502799EB3000470004 /* LaunchScreenViewController.swift */ = {isa = PBXFileReference; lastKnownFileType = sourcecode.swift; path = LaunchScreenViewController.swift; sourceTree = "<group>"; };
		ADDD7454279DFC2C00470004 /* DGHomeViewController.swift */ = {isa = PBXFileReference; lastKnownFileType = sourcecode.swift; name = DGHomeViewController.swift; path = "CoffeeSubscriptionApp/Controller/Delivery guy panel/DGHomeViewController.swift"; sourceTree = SOURCE_ROOT; };
		ADDD7457279DFE3C00470004 /* OrderCell.swift */ = {isa = PBXFileReference; lastKnownFileType = sourcecode.swift; path = OrderCell.swift; sourceTree = "<group>"; };
		ADE173F82794646700F90A3B /* PlanCreationStatusViewController.swift */ = {isa = PBXFileReference; lastKnownFileType = sourcecode.swift; name = PlanCreationStatusViewController.swift; path = CoffeeSubscriptionApp/Controller/PlanCreationStatusViewController.swift; sourceTree = SOURCE_ROOT; };
		ADE173FA2794846200F90A3B /* ProfileViewController.swift */ = {isa = PBXFileReference; lastKnownFileType = sourcecode.swift; name = ProfileViewController.swift; path = CoffeeSubscriptionApp/Controller/ProfileViewController.swift; sourceTree = SOURCE_ROOT; };
		ADE174012794A1DC00F90A3B /* failureAnimation.json */ = {isa = PBXFileReference; fileEncoding = 4; lastKnownFileType = text.json; path = failureAnimation.json; sourceTree = "<group>"; };
		ADE174032794A23B00F90A3B /* successAnimation.json */ = {isa = PBXFileReference; fileEncoding = 4; lastKnownFileType = text.json; name = successAnimation.json; path = ../../../../../Downloads/successAnimation.json; sourceTree = "<group>"; };
		ADE174052795DA5500F90A3B /* profile.json */ = {isa = PBXFileReference; fileEncoding = 4; lastKnownFileType = text.json; path = profile.json; sourceTree = "<group>"; };
		ADE174072795FB1600F90A3B /* User.swift */ = {isa = PBXFileReference; lastKnownFileType = sourcecode.swift; path = User.swift; sourceTree = "<group>"; };
		ADE17409279609C700F90A3B /* ProfileDetailsViewController.swift */ = {isa = PBXFileReference; lastKnownFileType = sourcecode.swift; name = ProfileDetailsViewController.swift; path = CoffeeSubscriptionApp/Controller/ProfileDetailsViewController.swift; sourceTree = SOURCE_ROOT; };
		ADE6B9E72793056B00DDC251 /* HBSegmentedControl.swift */ = {isa = PBXFileReference; fileEncoding = 4; lastKnownFileType = sourcecode.swift; path = HBSegmentedControl.swift; sourceTree = "<group>"; };
		ADFD0B542786FB48008E7126 /* PaymentService.swift */ = {isa = PBXFileReference; lastKnownFileType = sourcecode.swift; path = PaymentService.swift; sourceTree = "<group>"; };
		ADFD0B562786FBF8008E7126 /* CoffeeSubscriptionApp.entitlements */ = {isa = PBXFileReference; lastKnownFileType = text.plist.entitlements; path = CoffeeSubscriptionApp.entitlements; sourceTree = "<group>"; };
/* End PBXFileReference section */

/* Begin PBXFrameworksBuildPhase section */
		AD7930E4278218180029230A /* Frameworks */ = {
			isa = PBXFrameworksBuildPhase;
			buildActionMask = 2147483647;
			files = (
				AD79311C27821B660029230A /* FirebaseAuth in Frameworks */,
				AD79311E27821B660029230A /* FirebaseFirestore in Frameworks */,
				ADE173FE27949E3100F90A3B /* Lottie in Frameworks */,
			);
			runOnlyForDeploymentPostprocessing = 0;
		};
		AD7930FA2782181A0029230A /* Frameworks */ = {
			isa = PBXFrameworksBuildPhase;
			buildActionMask = 2147483647;
			files = (
			);
			runOnlyForDeploymentPostprocessing = 0;
		};
		AD7931042782181A0029230A /* Frameworks */ = {
			isa = PBXFrameworksBuildPhase;
			buildActionMask = 2147483647;
			files = (
			);
			runOnlyForDeploymentPostprocessing = 0;
		};
/* End PBXFrameworksBuildPhase section */

/* Begin PBXGroup section */
		AD2C1A25278C651B00195B4C /* Extentions */ = {
			isa = PBXGroup;
			children = (
				AD0B5A2A278A0E75002F0904 /* StringExtention.swift */,
				AD2C1A26278C6B0600195B4C /* UITextFieldExtention.swift */,
				AD2C1A6A278DA5C100195B4C /* UIViewExtention.swift */,
				ADC3D9E8279895F70096F826 /* UIViewControllerExtention.swift */,
			);
			path = Extentions;
			sourceTree = "<group>";
		};
		AD7930DE278218180029230A = {
			isa = PBXGroup;
			children = (
				AD7930E9278218180029230A /* CoffeeSubscriptionApp */,
				AD7931002782181A0029230A /* CoffeeSubscriptionAppTests */,
				AD79310A2782181A0029230A /* CoffeeSubscriptionAppUITests */,
				AD7930E8278218180029230A /* Products */,
			);
			sourceTree = "<group>";
		};
		AD7930E8278218180029230A /* Products */ = {
			isa = PBXGroup;
			children = (
				AD7930E7278218180029230A /* CoffeeSubscriptionApp.app */,
				AD7930FD2782181A0029230A /* CoffeeSubscriptionAppTests.xctest */,
				AD7931072782181A0029230A /* CoffeeSubscriptionAppUITests.xctest */,
			);
			name = Products;
			sourceTree = "<group>";
		};
		AD7930E9278218180029230A /* CoffeeSubscriptionApp */ = {
			isa = PBXGroup;
			children = (
				ADFD0B562786FBF8008E7126 /* CoffeeSubscriptionApp.entitlements */,
				AD7930EA278218180029230A /* AppDelegate.swift */,
				AD7930EC278218180029230A /* SceneDelegate.swift */,
				AD7930F32782181A0029230A /* Assets.xcassets */,
				AD7930F82782181A0029230A /* Info.plist */,
				AD0B5A222789B788002F0904 /* GoogleService-Info.plist */,
				AD79311F27821B8A0029230A /* Model */,
				AD79312027821B910029230A /* View */,
				AD79312127821B970029230A /* Controller */,
			);
			path = CoffeeSubscriptionApp;
			sourceTree = "<group>";
		};
		AD7931002782181A0029230A /* CoffeeSubscriptionAppTests */ = {
			isa = PBXGroup;
			children = (
				AD7931012782181A0029230A /* CoffeeSubscriptionAppTests.swift */,
			);
			path = CoffeeSubscriptionAppTests;
			sourceTree = "<group>";
		};
		AD79310A2782181A0029230A /* CoffeeSubscriptionAppUITests */ = {
			isa = PBXGroup;
			children = (
				AD79310B2782181A0029230A /* CoffeeSubscriptionAppUITests.swift */,
				AD79310D2782181A0029230A /* CoffeeSubscriptionAppUITestsLaunchTests.swift */,
			);
			path = CoffeeSubscriptionAppUITests;
			sourceTree = "<group>";
		};
		AD79311F27821B8A0029230A /* Model */ = {
			isa = PBXGroup;
			children = (
				AD2C1A6C278EE85200195B4C /* SFCompact.ttf */,
				AD2C1A25278C651B00195B4C /* Extentions */,
				ADA5688627835BFC00DA4B7F /* cafeNames.json */,
				ADA5689A2785D8F900DA4B7F /* menu1.json */,
				ADE174012794A1DC00F90A3B /* failureAnimation.json */,
				ADE174032794A23B00F90A3B /* successAnimation.json */,
				ADE174052795DA5500F90A3B /* profile.json */,
				ADA5688827835C2F00DA4B7F /* Cafe.swift */,
				ADA5689E2785DC2800DA4B7F /* MenuItem.swift */,
				ADA5688A278371CF00DA4B7F /* NetworkManager.swift */,
				AD0B5A242789BE54002F0904 /* DatabaseManager.swift */,
				ADA5688C2784261400DA4B7F /* Constants.swift */,
				ADA56898278592E100DA4B7F /* Plan.swift */,
				ADFD0B542786FB48008E7126 /* PaymentService.swift */,
				AD769A12278AFFDB00E23ABD /* Formatter.swift */,
				ADE174072795FB1600F90A3B /* User.swift */,
				ADC3D9E62797F0230096F826 /* MenuImagesModel.swift */,
			);
			path = Model;
			sourceTree = "<group>";
		};
		AD79312027821B910029230A /* View */ = {
			isa = PBXGroup;
			children = (
				AD7930F0278218180029230A /* Main.storyboard */,
				AD7930F52782181A0029230A /* LaunchScreen.storyboard */,
			);
			path = View;
			sourceTree = "<group>";
		};
		AD79312127821B970029230A /* Controller */ = {
			isa = PBXGroup;
			children = (
				ADDD7456279DFC4600470004 /* Delivery guy panel */,
				ADA5688F2784277900DA4B7F /* cells */,
				AD0B5A202789A6E3002F0904 /* SignUpViewController.swift */,
				AD0B5A282789EB83002F0904 /* LogInViewController.swift */,
				AD0B5A262789CEA6002F0904 /* TabBarViewController.swift */,
				AD7930EE278218180029230A /* MenuViewController.swift */,
				ADA5688227831C5100DA4B7F /* HomeViewController.swift */,
				ADA568922784502800DA4B7F /* PlanDurationViewController.swift */,
				ADA568962784635500DA4B7F /* PlanDetailsViewController.swift */,
				ADE173F82794646700F90A3B /* PlanCreationStatusViewController.swift */,
				ADDD744E2799D6E400470004 /* PlanViewController.swift */,
				ADE173FA2794846200F90A3B /* ProfileViewController.swift */,
				ADE17409279609C700F90A3B /* ProfileDetailsViewController.swift */,
				ADE6B9E72793056B00DDC251 /* HBSegmentedControl.swift */,
				ADDD74502799EB3000470004 /* LaunchScreenViewController.swift */,
			);
			path = Controller;
			sourceTree = "<group>";
		};
		ADA5688F2784277900DA4B7F /* cells */ = {
			isa = PBXGroup;
			children = (
				ADDD7457279DFE3C00470004 /* OrderCell.swift */,
				ADA5688427832ECC00DA4B7F /* CafeCell.swift */,
				ADA5689427845C6200DA4B7F /* MenuItemCell.swift */,
				AD0B5A1E27871975002F0904 /* SelectedItemCell.swift */,
			);
			path = cells;
			sourceTree = "<group>";
		};
		ADDD7456279DFC4600470004 /* Delivery guy panel */ = {
			isa = PBXGroup;
			children = (
				ADDD7454279DFC2C00470004 /* DGHomeViewController.swift */,
			);
			path = "Delivery guy panel";
			sourceTree = "<group>";
		};
/* End PBXGroup section */

/* Begin PBXNativeTarget section */
		AD7930E6278218180029230A /* CoffeeSubscriptionApp */ = {
			isa = PBXNativeTarget;
			buildConfigurationList = AD7931112782181A0029230A /* Build configuration list for PBXNativeTarget "CoffeeSubscriptionApp" */;
			buildPhases = (
				AD7930E3278218180029230A /* Sources */,
				AD7930E4278218180029230A /* Frameworks */,
				AD7930E5278218180029230A /* Resources */,
			);
			buildRules = (
			);
			dependencies = (
			);
			name = CoffeeSubscriptionApp;
			packageProductDependencies = (
				AD79311B27821B660029230A /* FirebaseAuth */,
				AD79311D27821B660029230A /* FirebaseFirestore */,
				ADE173FD27949E3100F90A3B /* Lottie */,
			);
			productName = CoffeeSubscriptionApp;
			productReference = AD7930E7278218180029230A /* CoffeeSubscriptionApp.app */;
			productType = "com.apple.product-type.application";
		};
		AD7930FC2782181A0029230A /* CoffeeSubscriptionAppTests */ = {
			isa = PBXNativeTarget;
			buildConfigurationList = AD7931142782181A0029230A /* Build configuration list for PBXNativeTarget "CoffeeSubscriptionAppTests" */;
			buildPhases = (
				AD7930F92782181A0029230A /* Sources */,
				AD7930FA2782181A0029230A /* Frameworks */,
				AD7930FB2782181A0029230A /* Resources */,
			);
			buildRules = (
			);
			dependencies = (
				AD7930FF2782181A0029230A /* PBXTargetDependency */,
			);
			name = CoffeeSubscriptionAppTests;
			productName = CoffeeSubscriptionAppTests;
			productReference = AD7930FD2782181A0029230A /* CoffeeSubscriptionAppTests.xctest */;
			productType = "com.apple.product-type.bundle.unit-test";
		};
		AD7931062782181A0029230A /* CoffeeSubscriptionAppUITests */ = {
			isa = PBXNativeTarget;
			buildConfigurationList = AD7931172782181A0029230A /* Build configuration list for PBXNativeTarget "CoffeeSubscriptionAppUITests" */;
			buildPhases = (
				AD7931032782181A0029230A /* Sources */,
				AD7931042782181A0029230A /* Frameworks */,
				AD7931052782181A0029230A /* Resources */,
			);
			buildRules = (
			);
			dependencies = (
				AD7931092782181A0029230A /* PBXTargetDependency */,
			);
			name = CoffeeSubscriptionAppUITests;
			productName = CoffeeSubscriptionAppUITests;
			productReference = AD7931072782181A0029230A /* CoffeeSubscriptionAppUITests.xctest */;
			productType = "com.apple.product-type.bundle.ui-testing";
		};
/* End PBXNativeTarget section */

/* Begin PBXProject section */
		AD7930DF278218180029230A /* Project object */ = {
			isa = PBXProject;
			attributes = {
				BuildIndependentTargetsInParallel = 1;
				LastSwiftUpdateCheck = 1320;
				LastUpgradeCheck = 1320;
				TargetAttributes = {
					AD7930E6278218180029230A = {
						CreatedOnToolsVersion = 13.2.1;
					};
					AD7930FC2782181A0029230A = {
						CreatedOnToolsVersion = 13.2.1;
						TestTargetID = AD7930E6278218180029230A;
					};
					AD7931062782181A0029230A = {
						CreatedOnToolsVersion = 13.2.1;
						TestTargetID = AD7930E6278218180029230A;
					};
				};
			};
			buildConfigurationList = AD7930E2278218180029230A /* Build configuration list for PBXProject "CoffeeSubscriptionApp" */;
			compatibilityVersion = "Xcode 13.0";
			developmentRegion = en;
			hasScannedForEncodings = 0;
			knownRegions = (
				en,
				Base,
			);
			mainGroup = AD7930DE278218180029230A;
			packageReferences = (
				AD79311A27821B660029230A /* XCRemoteSwiftPackageReference "firebase-ios-sdk" */,
				ADE173FC27949E3000F90A3B /* XCRemoteSwiftPackageReference "lottie-ios" */,
			);
			productRefGroup = AD7930E8278218180029230A /* Products */;
			projectDirPath = "";
			projectRoot = "";
			targets = (
				AD7930E6278218180029230A /* CoffeeSubscriptionApp */,
				AD7930FC2782181A0029230A /* CoffeeSubscriptionAppTests */,
				AD7931062782181A0029230A /* CoffeeSubscriptionAppUITests */,
			);
		};
/* End PBXProject section */

/* Begin PBXResourcesBuildPhase section */
		AD7930E5278218180029230A /* Resources */ = {
			isa = PBXResourcesBuildPhase;
			buildActionMask = 2147483647;
			files = (
				ADA5689B2785D8FA00DA4B7F /* menu1.json in Resources */,
				AD7930F72782181A0029230A /* LaunchScreen.storyboard in Resources */,
				AD2C1A6D278EE85300195B4C /* SFCompact.ttf in Resources */,
				ADA5688727835BFD00DA4B7F /* cafeNames.json in Resources */,
				AD7930F42782181A0029230A /* Assets.xcassets in Resources */,
				ADE174062795DA5600F90A3B /* profile.json in Resources */,
				AD7930F2278218180029230A /* Main.storyboard in Resources */,
				ADE174022794A1DC00F90A3B /* failureAnimation.json in Resources */,
				ADE174042794A23B00F90A3B /* successAnimation.json in Resources */,
				AD0B5A232789B788002F0904 /* GoogleService-Info.plist in Resources */,
			);
			runOnlyForDeploymentPostprocessing = 0;
		};
		AD7930FB2782181A0029230A /* Resources */ = {
			isa = PBXResourcesBuildPhase;
			buildActionMask = 2147483647;
			files = (
			);
			runOnlyForDeploymentPostprocessing = 0;
		};
		AD7931052782181A0029230A /* Resources */ = {
			isa = PBXResourcesBuildPhase;
			buildActionMask = 2147483647;
			files = (
			);
			runOnlyForDeploymentPostprocessing = 0;
		};
/* End PBXResourcesBuildPhase section */

/* Begin PBXSourcesBuildPhase section */
		AD7930E3278218180029230A /* Sources */ = {
			isa = PBXSourcesBuildPhase;
			buildActionMask = 2147483647;
			files = (
				ADC3D9E72797F0230096F826 /* MenuImagesModel.swift in Sources */,
				AD7930EF278218180029230A /* MenuViewController.swift in Sources */,
				AD7930EB278218180029230A /* AppDelegate.swift in Sources */,
				ADA5689527845C6200DA4B7F /* MenuItemCell.swift in Sources */,
				ADFD0B552786FB48008E7126 /* PaymentService.swift in Sources */,
				AD0B5A212789A6E3002F0904 /* SignUpViewController.swift in Sources */,
				ADE173FB2794846200F90A3B /* ProfileViewController.swift in Sources */,
				ADE1740A279609C700F90A3B /* ProfileDetailsViewController.swift in Sources */,
				ADA5688927835C2F00DA4B7F /* Cafe.swift in Sources */,
				ADA5688B278371CF00DA4B7F /* NetworkManager.swift in Sources */,
				ADDD74512799EB3100470004 /* LaunchScreenViewController.swift in Sources */,
				ADE173F92794646700F90A3B /* PlanCreationStatusViewController.swift in Sources */,
				ADC3D9E9279895F90096F826 /* UIViewControllerExtention.swift in Sources */,
				AD2C1A27278C6B0600195B4C /* UITextFieldExtention.swift in Sources */,
				AD0B5A292789EB83002F0904 /* LogInViewController.swift in Sources */,
				AD0B5A252789BE54002F0904 /* DatabaseManager.swift in Sources */,
				ADE6B9E82793056B00DDC251 /* HBSegmentedControl.swift in Sources */,
				ADA568972784635600DA4B7F /* PlanDetailsViewController.swift in Sources */,
				ADA5689F2785DC2800DA4B7F /* MenuItem.swift in Sources */,
				AD0B5A1F27871975002F0904 /* SelectedItemCell.swift in Sources */,
				ADA5688527832ECC00DA4B7F /* CafeCell.swift in Sources */,
				AD2C1A6B278DA5C200195B4C /* UIViewExtention.swift in Sources */,
				ADDD7458279DFE3E00470004 /* OrderCell.swift in Sources */,
				AD0B5A272789CEA6002F0904 /* TabBarViewController.swift in Sources */,
				ADE174082795FB1700F90A3B /* User.swift in Sources */,
				AD7930ED278218180029230A /* SceneDelegate.swift in Sources */,
				ADDD744F2799D6E400470004 /* PlanViewController.swift in Sources */,
				AD769A13278AFFDB00E23ABD /* Formatter.swift in Sources */,
				AD0B5A2B278A0E75002F0904 /* StringExtention.swift in Sources */,
				ADA5688327831C5100DA4B7F /* HomeViewController.swift in Sources */,
				ADDD7455279DFC2D00470004 /* DGHomeViewController.swift in Sources */,
				ADA56899278592E200DA4B7F /* Plan.swift in Sources */,
				ADA568932784502900DA4B7F /* PlanDurationViewController.swift in Sources */,
				ADA5688D2784261500DA4B7F /* Constants.swift in Sources */,
			);
			runOnlyForDeploymentPostprocessing = 0;
		};
		AD7930F92782181A0029230A /* Sources */ = {
			isa = PBXSourcesBuildPhase;
			buildActionMask = 2147483647;
			files = (
				AD7931022782181A0029230A /* CoffeeSubscriptionAppTests.swift in Sources */,
			);
			runOnlyForDeploymentPostprocessing = 0;
		};
		AD7931032782181A0029230A /* Sources */ = {
			isa = PBXSourcesBuildPhase;
			buildActionMask = 2147483647;
			files = (
				AD79310C2782181A0029230A /* CoffeeSubscriptionAppUITests.swift in Sources */,
				AD79310E2782181A0029230A /* CoffeeSubscriptionAppUITestsLaunchTests.swift in Sources */,
			);
			runOnlyForDeploymentPostprocessing = 0;
		};
/* End PBXSourcesBuildPhase section */

/* Begin PBXTargetDependency section */
		AD7930FF2782181A0029230A /* PBXTargetDependency */ = {
			isa = PBXTargetDependency;
			target = AD7930E6278218180029230A /* CoffeeSubscriptionApp */;
			targetProxy = AD7930FE2782181A0029230A /* PBXContainerItemProxy */;
		};
		AD7931092782181A0029230A /* PBXTargetDependency */ = {
			isa = PBXTargetDependency;
			target = AD7930E6278218180029230A /* CoffeeSubscriptionApp */;
			targetProxy = AD7931082782181A0029230A /* PBXContainerItemProxy */;
		};
/* End PBXTargetDependency section */

/* Begin PBXVariantGroup section */
		AD7930F0278218180029230A /* Main.storyboard */ = {
			isa = PBXVariantGroup;
			children = (
				AD7930F1278218180029230A /* Base */,
			);
			name = Main.storyboard;
			sourceTree = "<group>";
		};
		AD7930F52782181A0029230A /* LaunchScreen.storyboard */ = {
			isa = PBXVariantGroup;
			children = (
				AD7930F62782181A0029230A /* Base */,
			);
			name = LaunchScreen.storyboard;
			sourceTree = "<group>";
		};
/* End PBXVariantGroup section */

/* Begin XCBuildConfiguration section */
		AD79310F2782181A0029230A /* Debug */ = {
			isa = XCBuildConfiguration;
			buildSettings = {
				ALWAYS_SEARCH_USER_PATHS = NO;
				CLANG_ANALYZER_NONNULL = YES;
				CLANG_ANALYZER_NUMBER_OBJECT_CONVERSION = YES_AGGRESSIVE;
				CLANG_CXX_LANGUAGE_STANDARD = "gnu++17";
				CLANG_CXX_LIBRARY = "libc++";
				CLANG_ENABLE_MODULES = YES;
				CLANG_ENABLE_OBJC_ARC = YES;
				CLANG_ENABLE_OBJC_WEAK = YES;
				CLANG_WARN_BLOCK_CAPTURE_AUTORELEASING = YES;
				CLANG_WARN_BOOL_CONVERSION = YES;
				CLANG_WARN_COMMA = YES;
				CLANG_WARN_CONSTANT_CONVERSION = YES;
				CLANG_WARN_DEPRECATED_OBJC_IMPLEMENTATIONS = YES;
				CLANG_WARN_DIRECT_OBJC_ISA_USAGE = YES_ERROR;
				CLANG_WARN_DOCUMENTATION_COMMENTS = YES;
				CLANG_WARN_EMPTY_BODY = YES;
				CLANG_WARN_ENUM_CONVERSION = YES;
				CLANG_WARN_INFINITE_RECURSION = YES;
				CLANG_WARN_INT_CONVERSION = YES;
				CLANG_WARN_NON_LITERAL_NULL_CONVERSION = YES;
				CLANG_WARN_OBJC_IMPLICIT_RETAIN_SELF = YES;
				CLANG_WARN_OBJC_LITERAL_CONVERSION = YES;
				CLANG_WARN_OBJC_ROOT_CLASS = YES_ERROR;
				CLANG_WARN_QUOTED_INCLUDE_IN_FRAMEWORK_HEADER = YES;
				CLANG_WARN_RANGE_LOOP_ANALYSIS = YES;
				CLANG_WARN_STRICT_PROTOTYPES = YES;
				CLANG_WARN_SUSPICIOUS_MOVE = YES;
				CLANG_WARN_UNGUARDED_AVAILABILITY = YES_AGGRESSIVE;
				CLANG_WARN_UNREACHABLE_CODE = YES;
				CLANG_WARN__DUPLICATE_METHOD_MATCH = YES;
				COPY_PHASE_STRIP = NO;
				DEBUG_INFORMATION_FORMAT = dwarf;
				ENABLE_STRICT_OBJC_MSGSEND = YES;
				ENABLE_TESTABILITY = YES;
				GCC_C_LANGUAGE_STANDARD = gnu11;
				GCC_DYNAMIC_NO_PIC = NO;
				GCC_NO_COMMON_BLOCKS = YES;
				GCC_OPTIMIZATION_LEVEL = 0;
				GCC_PREPROCESSOR_DEFINITIONS = (
					"DEBUG=1",
					"$(inherited)",
				);
				GCC_WARN_64_TO_32_BIT_CONVERSION = YES;
				GCC_WARN_ABOUT_RETURN_TYPE = YES_ERROR;
				GCC_WARN_UNDECLARED_SELECTOR = YES;
				GCC_WARN_UNINITIALIZED_AUTOS = YES_AGGRESSIVE;
				GCC_WARN_UNUSED_FUNCTION = YES;
				GCC_WARN_UNUSED_VARIABLE = YES;
				IPHONEOS_DEPLOYMENT_TARGET = 15.2;
				MTL_ENABLE_DEBUG_INFO = INCLUDE_SOURCE;
				MTL_FAST_MATH = YES;
				ONLY_ACTIVE_ARCH = YES;
				SDKROOT = iphoneos;
				SWIFT_ACTIVE_COMPILATION_CONDITIONS = DEBUG;
				SWIFT_OPTIMIZATION_LEVEL = "-Onone";
			};
			name = Debug;
		};
		AD7931102782181A0029230A /* Release */ = {
			isa = XCBuildConfiguration;
			buildSettings = {
				ALWAYS_SEARCH_USER_PATHS = NO;
				CLANG_ANALYZER_NONNULL = YES;
				CLANG_ANALYZER_NUMBER_OBJECT_CONVERSION = YES_AGGRESSIVE;
				CLANG_CXX_LANGUAGE_STANDARD = "gnu++17";
				CLANG_CXX_LIBRARY = "libc++";
				CLANG_ENABLE_MODULES = YES;
				CLANG_ENABLE_OBJC_ARC = YES;
				CLANG_ENABLE_OBJC_WEAK = YES;
				CLANG_WARN_BLOCK_CAPTURE_AUTORELEASING = YES;
				CLANG_WARN_BOOL_CONVERSION = YES;
				CLANG_WARN_COMMA = YES;
				CLANG_WARN_CONSTANT_CONVERSION = YES;
				CLANG_WARN_DEPRECATED_OBJC_IMPLEMENTATIONS = YES;
				CLANG_WARN_DIRECT_OBJC_ISA_USAGE = YES_ERROR;
				CLANG_WARN_DOCUMENTATION_COMMENTS = YES;
				CLANG_WARN_EMPTY_BODY = YES;
				CLANG_WARN_ENUM_CONVERSION = YES;
				CLANG_WARN_INFINITE_RECURSION = YES;
				CLANG_WARN_INT_CONVERSION = YES;
				CLANG_WARN_NON_LITERAL_NULL_CONVERSION = YES;
				CLANG_WARN_OBJC_IMPLICIT_RETAIN_SELF = YES;
				CLANG_WARN_OBJC_LITERAL_CONVERSION = YES;
				CLANG_WARN_OBJC_ROOT_CLASS = YES_ERROR;
				CLANG_WARN_QUOTED_INCLUDE_IN_FRAMEWORK_HEADER = YES;
				CLANG_WARN_RANGE_LOOP_ANALYSIS = YES;
				CLANG_WARN_STRICT_PROTOTYPES = YES;
				CLANG_WARN_SUSPICIOUS_MOVE = YES;
				CLANG_WARN_UNGUARDED_AVAILABILITY = YES_AGGRESSIVE;
				CLANG_WARN_UNREACHABLE_CODE = YES;
				CLANG_WARN__DUPLICATE_METHOD_MATCH = YES;
				COPY_PHASE_STRIP = NO;
				DEBUG_INFORMATION_FORMAT = "dwarf-with-dsym";
				ENABLE_NS_ASSERTIONS = NO;
				ENABLE_STRICT_OBJC_MSGSEND = YES;
				GCC_C_LANGUAGE_STANDARD = gnu11;
				GCC_NO_COMMON_BLOCKS = YES;
				GCC_WARN_64_TO_32_BIT_CONVERSION = YES;
				GCC_WARN_ABOUT_RETURN_TYPE = YES_ERROR;
				GCC_WARN_UNDECLARED_SELECTOR = YES;
				GCC_WARN_UNINITIALIZED_AUTOS = YES_AGGRESSIVE;
				GCC_WARN_UNUSED_FUNCTION = YES;
				GCC_WARN_UNUSED_VARIABLE = YES;
				IPHONEOS_DEPLOYMENT_TARGET = 15.2;
				MTL_ENABLE_DEBUG_INFO = NO;
				MTL_FAST_MATH = YES;
				SDKROOT = iphoneos;
				SWIFT_COMPILATION_MODE = wholemodule;
				SWIFT_OPTIMIZATION_LEVEL = "-O";
				VALIDATE_PRODUCT = YES;
			};
			name = Release;
		};
		AD7931122782181A0029230A /* Debug */ = {
			isa = XCBuildConfiguration;
			buildSettings = {
				ASSETCATALOG_COMPILER_APPICON_NAME = AppIcon;
				ASSETCATALOG_COMPILER_GLOBAL_ACCENT_COLOR_NAME = AccentColor;
				CODE_SIGN_ENTITLEMENTS = CoffeeSubscriptionApp/CoffeeSubscriptionApp.entitlements;
				CODE_SIGN_IDENTITY = "Apple Development";
				CODE_SIGN_STYLE = Automatic;
				CURRENT_PROJECT_VERSION = 1;
				DEVELOPMENT_TEAM = "";
				GENERATE_INFOPLIST_FILE = YES;
				INFOPLIST_FILE = CoffeeSubscriptionApp/Info.plist;
				INFOPLIST_KEY_UIApplicationSupportsIndirectInputEvents = YES;
				INFOPLIST_KEY_UILaunchStoryboardName = LaunchScreen;
				INFOPLIST_KEY_UIMainStoryboardFile = Main;
				INFOPLIST_KEY_UISupportedInterfaceOrientations_iPad = "UIInterfaceOrientationPortrait UIInterfaceOrientationPortraitUpsideDown UIInterfaceOrientationLandscapeLeft UIInterfaceOrientationLandscapeRight";
				INFOPLIST_KEY_UISupportedInterfaceOrientations_iPhone = "UIInterfaceOrientationPortrait UIInterfaceOrientationLandscapeLeft UIInterfaceOrientationLandscapeRight";
				LD_RUNPATH_SEARCH_PATHS = (
					"$(inherited)",
					"@executable_path/Frameworks",
				);
				MARKETING_VERSION = 1.0;
				PRODUCT_BUNDLE_IDENTIFIER = "-.CoffeeSubscriptionApp";
				PRODUCT_NAME = "$(TARGET_NAME)";
				PROVISIONING_PROFILE_SPECIFIER = "";
				SWIFT_EMIT_LOC_STRINGS = YES;
				SWIFT_VERSION = 5.0;
				TARGETED_DEVICE_FAMILY = "1,2";
			};
			name = Debug;
		};
		AD7931132782181A0029230A /* Release */ = {
			isa = XCBuildConfiguration;
			buildSettings = {
				ASSETCATALOG_COMPILER_APPICON_NAME = AppIcon;
				ASSETCATALOG_COMPILER_GLOBAL_ACCENT_COLOR_NAME = AccentColor;
				CODE_SIGN_ENTITLEMENTS = CoffeeSubscriptionApp/CoffeeSubscriptionApp.entitlements;
				CODE_SIGN_IDENTITY = "Apple Development";
				CODE_SIGN_STYLE = Automatic;
				CURRENT_PROJECT_VERSION = 1;
				DEVELOPMENT_TEAM = "";
				GENERATE_INFOPLIST_FILE = YES;
				INFOPLIST_FILE = CoffeeSubscriptionApp/Info.plist;
				INFOPLIST_KEY_UIApplicationSupportsIndirectInputEvents = YES;
				INFOPLIST_KEY_UILaunchStoryboardName = LaunchScreen;
				INFOPLIST_KEY_UIMainStoryboardFile = Main;
				INFOPLIST_KEY_UISupportedInterfaceOrientations_iPad = "UIInterfaceOrientationPortrait UIInterfaceOrientationPortraitUpsideDown UIInterfaceOrientationLandscapeLeft UIInterfaceOrientationLandscapeRight";
				INFOPLIST_KEY_UISupportedInterfaceOrientations_iPhone = "UIInterfaceOrientationPortrait UIInterfaceOrientationLandscapeLeft UIInterfaceOrientationLandscapeRight";
				LD_RUNPATH_SEARCH_PATHS = (
					"$(inherited)",
					"@executable_path/Frameworks",
				);
				MARKETING_VERSION = 1.0;
				PRODUCT_BUNDLE_IDENTIFIER = "-.CoffeeSubscriptionApp";
				PRODUCT_NAME = "$(TARGET_NAME)";
				PROVISIONING_PROFILE_SPECIFIER = "";
				SWIFT_EMIT_LOC_STRINGS = YES;
				SWIFT_VERSION = 5.0;
				TARGETED_DEVICE_FAMILY = "1,2";
			};
			name = Release;
		};
		AD7931152782181A0029230A /* Debug */ = {
			isa = XCBuildConfiguration;
			buildSettings = {
				ALWAYS_EMBED_SWIFT_STANDARD_LIBRARIES = YES;
				BUNDLE_LOADER = "$(TEST_HOST)";
				CODE_SIGN_STYLE = Automatic;
				CURRENT_PROJECT_VERSION = 1;
				GENERATE_INFOPLIST_FILE = YES;
				IPHONEOS_DEPLOYMENT_TARGET = 15.2;
				MARKETING_VERSION = 1.0;
				PRODUCT_BUNDLE_IDENTIFIER = "-.CoffeeSubscriptionAppTests";
				PRODUCT_NAME = "$(TARGET_NAME)";
				SWIFT_EMIT_LOC_STRINGS = NO;
				SWIFT_VERSION = 5.0;
				TARGETED_DEVICE_FAMILY = "1,2";
				TEST_HOST = "$(BUILT_PRODUCTS_DIR)/CoffeeSubscriptionApp.app/CoffeeSubscriptionApp";
			};
			name = Debug;
		};
		AD7931162782181A0029230A /* Release */ = {
			isa = XCBuildConfiguration;
			buildSettings = {
				ALWAYS_EMBED_SWIFT_STANDARD_LIBRARIES = YES;
				BUNDLE_LOADER = "$(TEST_HOST)";
				CODE_SIGN_STYLE = Automatic;
				CURRENT_PROJECT_VERSION = 1;
				GENERATE_INFOPLIST_FILE = YES;
				IPHONEOS_DEPLOYMENT_TARGET = 15.2;
				MARKETING_VERSION = 1.0;
				PRODUCT_BUNDLE_IDENTIFIER = "-.CoffeeSubscriptionAppTests";
				PRODUCT_NAME = "$(TARGET_NAME)";
				SWIFT_EMIT_LOC_STRINGS = NO;
				SWIFT_VERSION = 5.0;
				TARGETED_DEVICE_FAMILY = "1,2";
				TEST_HOST = "$(BUILT_PRODUCTS_DIR)/CoffeeSubscriptionApp.app/CoffeeSubscriptionApp";
			};
			name = Release;
		};
		AD7931182782181A0029230A /* Debug */ = {
			isa = XCBuildConfiguration;
			buildSettings = {
				ALWAYS_EMBED_SWIFT_STANDARD_LIBRARIES = YES;
				CODE_SIGN_STYLE = Automatic;
				CURRENT_PROJECT_VERSION = 1;
				GENERATE_INFOPLIST_FILE = YES;
				MARKETING_VERSION = 1.0;
				PRODUCT_BUNDLE_IDENTIFIER = "-.CoffeeSubscriptionAppUITests";
				PRODUCT_NAME = "$(TARGET_NAME)";
				SWIFT_EMIT_LOC_STRINGS = NO;
				SWIFT_VERSION = 5.0;
				TARGETED_DEVICE_FAMILY = "1,2";
				TEST_TARGET_NAME = CoffeeSubscriptionApp;
			};
			name = Debug;
		};
		AD7931192782181A0029230A /* Release */ = {
			isa = XCBuildConfiguration;
			buildSettings = {
				ALWAYS_EMBED_SWIFT_STANDARD_LIBRARIES = YES;
				CODE_SIGN_STYLE = Automatic;
				CURRENT_PROJECT_VERSION = 1;
				GENERATE_INFOPLIST_FILE = YES;
				MARKETING_VERSION = 1.0;
				PRODUCT_BUNDLE_IDENTIFIER = "-.CoffeeSubscriptionAppUITests";
				PRODUCT_NAME = "$(TARGET_NAME)";
				SWIFT_EMIT_LOC_STRINGS = NO;
				SWIFT_VERSION = 5.0;
				TARGETED_DEVICE_FAMILY = "1,2";
				TEST_TARGET_NAME = CoffeeSubscriptionApp;
			};
			name = Release;
		};
/* End XCBuildConfiguration section */

/* Begin XCConfigurationList section */
		AD7930E2278218180029230A /* Build configuration list for PBXProject "CoffeeSubscriptionApp" */ = {
			isa = XCConfigurationList;
			buildConfigurations = (
				AD79310F2782181A0029230A /* Debug */,
				AD7931102782181A0029230A /* Release */,
			);
			defaultConfigurationIsVisible = 0;
			defaultConfigurationName = Release;
		};
		AD7931112782181A0029230A /* Build configuration list for PBXNativeTarget "CoffeeSubscriptionApp" */ = {
			isa = XCConfigurationList;
			buildConfigurations = (
				AD7931122782181A0029230A /* Debug */,
				AD7931132782181A0029230A /* Release */,
			);
			defaultConfigurationIsVisible = 0;
			defaultConfigurationName = Release;
		};
		AD7931142782181A0029230A /* Build configuration list for PBXNativeTarget "CoffeeSubscriptionAppTests" */ = {
			isa = XCConfigurationList;
			buildConfigurations = (
				AD7931152782181A0029230A /* Debug */,
				AD7931162782181A0029230A /* Release */,
			);
			defaultConfigurationIsVisible = 0;
			defaultConfigurationName = Release;
		};
		AD7931172782181A0029230A /* Build configuration list for PBXNativeTarget "CoffeeSubscriptionAppUITests" */ = {
			isa = XCConfigurationList;
			buildConfigurations = (
				AD7931182782181A0029230A /* Debug */,
				AD7931192782181A0029230A /* Release */,
			);
			defaultConfigurationIsVisible = 0;
			defaultConfigurationName = Release;
		};
/* End XCConfigurationList section */

/* Begin XCRemoteSwiftPackageReference section */
		AD79311A27821B660029230A /* XCRemoteSwiftPackageReference "firebase-ios-sdk" */ = {
			isa = XCRemoteSwiftPackageReference;
			repositoryURL = "https://github.com/firebase/firebase-ios-sdk";
			requirement = {
				branch = master;
				kind = branch;
			};
		};
		ADE173FC27949E3000F90A3B /* XCRemoteSwiftPackageReference "lottie-ios" */ = {
			isa = XCRemoteSwiftPackageReference;
			repositoryURL = "https://github.com/airbnb/lottie-ios";
			requirement = {
				branch = master;
				kind = branch;
			};
		};
/* End XCRemoteSwiftPackageReference section */

/* Begin XCSwiftPackageProductDependency section */
		AD79311B27821B660029230A /* FirebaseAuth */ = {
			isa = XCSwiftPackageProductDependency;
			package = AD79311A27821B660029230A /* XCRemoteSwiftPackageReference "firebase-ios-sdk" */;
			productName = FirebaseAuth;
		};
		AD79311D27821B660029230A /* FirebaseFirestore */ = {
			isa = XCSwiftPackageProductDependency;
			package = AD79311A27821B660029230A /* XCRemoteSwiftPackageReference "firebase-ios-sdk" */;
			productName = FirebaseFirestore;
		};
		ADE173FD27949E3100F90A3B /* Lottie */ = {
			isa = XCSwiftPackageProductDependency;
			package = ADE173FC27949E3000F90A3B /* XCRemoteSwiftPackageReference "lottie-ios" */;
			productName = Lottie;
		};
/* End XCSwiftPackageProductDependency section */
	};
	rootObject = AD7930DF278218180029230A /* Project object */;
}
